<?xml version="1.0" encoding="utf-8"?>
<Project ToolsVersion="4.0" xmlns="http://schemas.microsoft.com/developer/msbuild/2003">
  <ItemGroup>
    <Filter Include="Source Files">
      <UniqueIdentifier>{69ce3615-2996-46cf-949c-03d8375ebfd3}</UniqueIdentifier>
      <Extensions>cpp;c;cxx;rc;def;r;odl;idl;hpj;bat</Extensions>
    </Filter>
    <Filter Include="Header Files">
      <UniqueIdentifier>{49f7c192-dae1-491a-8eb4-f6de64b6da1e}</UniqueIdentifier>
      <Extensions>h;hpp;hxx;hm;inl</Extensions>
    </Filter>
    <Filter Include="Resource Files">
      <UniqueIdentifier>{c0ee3905-0329-49ae-8869-26239be0637c}</UniqueIdentifier>
      <Extensions>ico;cur;bmp;dlg;rc2;rct;bin;rgs;gif;jpg;jpeg;jpe</Extensions>
    </Filter>
  </ItemGroup>
  <ItemGroup>
    <ClCompile Include="sample.cpp">
      <Filter>Source Files</Filter>
    </ClCompile>
  </ItemGroup>
  <ItemGroup>
    <Image Include="..\..\..\..\..\cs450-computer-graphics-master\p3\earth.bmp">
      <Filter>Source Files</Filter>
    </Image>
    <Image Include="Earth.bmp">
      <Filter>Source Files</Filter>
    </Image>
    <Image Include="Jupiter.bmp">
      <Filter>Source Files</Filter>
    </Image>
    <Image Include="Mars.bmp">
      <Filter>Source Files</Filter>
    </Image>
    <Image Include="Mercury.bmp">
      <Filter>Source Files</Filter>
    </Image>
    <Image Include="Neptune.bmp">
      <Filter>Source Files</Filter>
    </Image>
    <Image Include="Pluto.bmp">
      <Filter>Source Files</Filter>
    </Image>
    <Image Include="Saturn.bmp">
      <Filter>Source Files</Filter>
    </Image>
    <Image Include="Stars.bmp">
      <Filter>Source Files</Filter>
    </Image>
    <Image Include="Sun.bmp">
      <Filter>Source Files</Filter>
    </Image>
    <Image Include="Uranus.bmp">
      <Filter>Source Files</Filter>
    </Image>
    <Image Include="Venus.bmp">
      <Filter>Source Files</Filter>
    </Image>
  </ItemGroup>
</Project>